PODS:
  - Firebase/CoreOnly (12.12.0):
    - FirebaseCore (~> 12.12.0)
  - FirebaseCore (12.12.0):
    - FirebaseCoreInternal (~> 12.12.0)
    - GoogleUtilities/Environment (~> 8.1)
    - GoogleUtilities/Logger (~> 8.1)
  - FirebaseCoreInternal (12.12.0):
    - "GoogleUtilities/NSData+zlib (~> 8.1)"
  - GoogleUtilities/Environment (8.1.0):
    - GoogleUtilities/Privacy
  - GoogleUtilities/Logger (8.1.0):
    - GoogleUtilities/Environment
    - GoogleUtilities/Privacy
  - "GoogleUtilities/NSData+zlib (8.1.0)":
    - GoogleUtilities/Privacy
  - GoogleUtilities/Privacy (8.1.0)
  - OpenCV2 (4.3.0)

DEPENDENCIES:
  - Firebase/CoreOnly
  - OpenCV2

SPEC REPOS:
  trunk:
    - Firebase
    - FirebaseCore
    - FirebaseCoreInternal
    - GoogleUtilities
    - OpenCV2

SPEC CHECKSUMS:
  Firebase: aa154fee4e9b8eac17aa42344988865b3e857d33
  FirebaseCore: f28af0427998cd53f8d4826bce17260e33224053
  FirebaseCoreInternal: 7c12fc3011d889085e765e317d7b9fd1cef97af9
  GoogleUtilities: 00c88b9a86066ef77f0da2fab05f65d7768ed8e1
  OpenCV2: ffe82e5cb5d16dc3fc01a5f4127b9a5b3cfc7d1b

PODFILE CHECKSUM: 93dc84346da567f9a55dc5b2765caf9883d229d5

COCOAPODS: 1.16.2
