// !$*UTF8*$!
{
	archiveVersion = 1;
	classes = {
	};
	objectVersion = 77;
	objects = {

/* Begin PBXBuildFile section */
		02CCFB6EB6B497063C250358 /* CameraView.swift in Sources */ = {isa = PBXBuildFile; fileRef = 532A18A987A8E87B17B84A23 /* CameraView.swift */; };
		07E986942B5C924645A2E21C /* TimelapseVideoRenderer.swift in Sources */ = {isa = PBXBuildFile; fileRef = 5AE524F03D4A28BD7063BCF0 /* TimelapseVideoRenderer.swift */; };
		1491B680CC6E3ADC7223A081 /* AstroProcessingView.swift in Sources */ = {isa = PBXBuildFile; fileRef = E5D1F71B7E58A73CBAABE22B /* AstroProcessingView.swift */; };
		33F7C211FD302B6DAC0A5ABA /* ZipWriter.swift in Sources */ = {isa = PBXBuildFile; fileRef = F564E38FBF2358C6F5470ABD /* ZipWriter.swift */; };
		3A5AA3F289A152F054BCC2EA /* RepeatableProjectRuntimeView.swift in Sources */ = {isa = PBXBuildFile; fileRef = 8248A2B63F4DFBDC666D6A4F /* RepeatableProjectRuntimeView.swift */; };
		53923D222A16C6FC9B636436 /* ShareSheet.swift in Sources */ = {isa = PBXBuildFile; fileRef = 2C1AFD4BF8D210E7CB0D92F4 /* ShareSheet.swift */; };
		59EDBEED1C7863A95CAFBFAF /* ProjectStore.swift in Sources */ = {isa = PBXBuildFile; fileRef = BF46B3F09F4771A01C7CB0DC /* ProjectStore.swift */; };
		5E0B5C6D69607FFEE8A06665 /* AppOrientationLock.swift in Sources */ = {isa = PBXBuildFile; fileRef = 8C6EF914ECFCC45C404217E9 /* AppOrientationLock.swift */; };
		936F6DD0207D2D60B0554C02 /* ReferenceThumbnail.swift in Sources */ = {isa = PBXBuildFile; fileRef = D214B617DDA753B395247142 /* ReferenceThumbnail.swift */; };
		98B55455082BEE08CA7B9434 /* CameraController.swift in Sources */ = {isa = PBXBuildFile; fileRef = E7FE4C64406DA016FFFB3923 /* CameraController.swift */; };
		9924DE16E22A388ACC9F0FFB /* CameraPreview.swift in Sources */ = {isa = PBXBuildFile; fileRef = 0B19C52D9835835212B6EED6 /* CameraPreview.swift */; };
		A0AA3E829BA7E32C87BDA1CD /* ExposureStacker.swift in Sources */ = {isa = PBXBuildFile; fileRef = 4E74F2FCB4B5DCEE6566A176 /* ExposureStacker.swift */; };
		A7156CCB78F7BE4E01AFCAE8 /* RepeatableCameraView.swift in Sources */ = {isa = PBXBuildFile; fileRef = 0CAAE2A0DE7F575C5A75899A /* RepeatableCameraView.swift */; };
		E8E0A312298F4B730C959F40 /* CameraeApp.swift in Sources */ = {isa = PBXBuildFile; fileRef = 1D35626EC523DF3208DD55E1 /* CameraeApp.swift */; };
		EE5906E211F801A567D28B88 /* Assets.xcassets in Resources */ = {isa = PBXBuildFile; fileRef = 06760F1623764A0D85ECA398 /* Assets.xcassets */; };
		F364E0A88DA8CC2C05415204 /* TimelapseSessionStore.swift in Sources */ = {isa = PBXBuildFile; fileRef = 496AB01263317C5F77CB77B4 /* TimelapseSessionStore.swift */; };
		FC593A8F2566F9BA4323557F /* AppRootView.swift in Sources */ = {isa = PBXBuildFile; fileRef = 9905FD571C69B6A334E1F08D /* AppRootView.swift */; };
/* End PBXBuildFile section */

/* Begin PBXFileReference section */
		06760F1623764A0D85ECA398 /* Assets.xcassets */ = {isa = PBXFileReference; lastKnownFileType = folder.assetcatalog; path = Assets.xcassets; sourceTree = "<group>"; };
		0B19C52D9835835212B6EED6 /* CameraPreview.swift */ = {isa = PBXFileReference; lastKnownFileType = sourcecode.swift; path = CameraPreview.swift; sourceTree = "<group>"; };
		0CAAE2A0DE7F575C5A75899A /* RepeatableCameraView.swift */ = {isa = PBXFileReference; lastKnownFileType = sourcecode.swift; path = RepeatableCameraView.swift; sourceTree = "<group>"; };
		104559576F829525D1158684 /* Signing.xcconfig */ = {isa = PBXFileReference; lastKnownFileType = text.xcconfig; path = Signing.xcconfig; sourceTree = "<group>"; };
		1D35626EC523DF3208DD55E1 /* CameraeApp.swift */ = {isa = PBXFileReference; lastKnownFileType = sourcecode.swift; path = CameraeApp.swift; sourceTree = "<group>"; };
		2B6C930CB6C492E8EA9DE762 /* Camerae.app */ = {isa = PBXFileReference; includeInIndex = 0; lastKnownFileType = wrapper.application; path = Camerae.app; sourceTree = BUILT_PRODUCTS_DIR; };
		2C1AFD4BF8D210E7CB0D92F4 /* ShareSheet.swift */ = {isa = PBXFileReference; lastKnownFileType = sourcecode.swift; path = ShareSheet.swift; sourceTree = "<group>"; };
		496AB01263317C5F77CB77B4 /* TimelapseSessionStore.swift */ = {isa = PBXFileReference; lastKnownFileType = sourcecode.swift; path = TimelapseSessionStore.swift; sourceTree = "<group>"; };
		4E74F2FCB4B5DCEE6566A176 /* ExposureStacker.swift */ = {isa = PBXFileReference; lastKnownFileType = sourcecode.swift; path = ExposureStacker.swift; sourceTree = "<group>"; };
		532A18A987A8E87B17B84A23 /* CameraView.swift */ = {isa = PBXFileReference; lastKnownFileType = sourcecode.swift; path = CameraView.swift; sourceTree = "<group>"; };
		5AE524F03D4A28BD7063BCF0 /* TimelapseVideoRenderer.swift */ = {isa = PBXFileReference; lastKnownFileType = sourcecode.swift; path = TimelapseVideoRenderer.swift; sourceTree = "<group>"; };
		6AE22B5FA5E2E91FDFD16877 /* Info.plist */ = {isa = PBXFileReference; lastKnownFileType = text.plist; path = Info.plist; sourceTree = "<group>"; };
		8248A2B63F4DFBDC666D6A4F /* RepeatableProjectRuntimeView.swift */ = {isa = PBXFileReference; lastKnownFileType = sourcecode.swift; path = RepeatableProjectRuntimeView.swift; sourceTree = "<group>"; };
		8C6EF914ECFCC45C404217E9 /* AppOrientationLock.swift */ = {isa = PBXFileReference; lastKnownFileType = sourcecode.swift; path = AppOrientationLock.swift; sourceTree = "<group>"; };
		9905FD571C69B6A334E1F08D /* AppRootView.swift */ = {isa = PBXFileReference; lastKnownFileType = sourcecode.swift; path = AppRootView.swift; sourceTree = "<group>"; };
		BF46B3F09F4771A01C7CB0DC /* ProjectStore.swift */ = {isa = PBXFileReference; lastKnownFileType = sourcecode.swift; path = ProjectStore.swift; sourceTree = "<group>"; };
		D214B617DDA753B395247142 /* ReferenceThumbnail.swift */ = {isa = PBXFileReference; lastKnownFileType = sourcecode.swift; path = ReferenceThumbnail.swift; sourceTree = "<group>"; };
		E5D1F71B7E58A73CBAABE22B /* AstroProcessingView.swift */ = {isa = PBXFileReference; lastKnownFileType = sourcecode.swift; path = AstroProcessingView.swift; sourceTree = "<group>"; };
		E7FE4C64406DA016FFFB3923 /* CameraController.swift */ = {isa = PBXFileReference; lastKnownFileType = sourcecode.swift; path = CameraController.swift; sourceTree = "<group>"; };
		F564E38FBF2358C6F5470ABD /* ZipWriter.swift */ = {isa = PBXFileReference; lastKnownFileType = sourcecode.swift; path = ZipWriter.swift; sourceTree = "<group>"; };
/* End PBXFileReference section */

/* Begin PBXGroup section */
		3A9C2547B53BABAECBAFA3F0 /* Products */ = {
			isa = PBXGroup;
			children = (
				2B6C930CB6C492E8EA9DE762 /* Camerae.app */,
			);
			name = Products;
			sourceTree = "<group>";
		};
		6C9342ED39FF2CD906C5E4EA = {
			isa = PBXGroup;
			children = (
				8B9ECB268C104381FB331F8B /* Camerae */,
				B4E6D7A017CC08D604299E29 /* Config */,
				3A9C2547B53BABAECBAFA3F0 /* Products */,
			);
			sourceTree = "<group>";
		};
		8B9ECB268C104381FB331F8B /* Camerae */ = {
			isa = PBXGroup;
			children = (
				8C6EF914ECFCC45C404217E9 /* AppOrientationLock.swift */,
				9905FD571C69B6A334E1F08D /* AppRootView.swift */,
				06760F1623764A0D85ECA398 /* Assets.xcassets */,
				E5D1F71B7E58A73CBAABE22B /* AstroProcessingView.swift */,
				E7FE4C64406DA016FFFB3923 /* CameraController.swift */,
				1D35626EC523DF3208DD55E1 /* CameraeApp.swift */,
				0B19C52D9835835212B6EED6 /* CameraPreview.swift */,
				532A18A987A8E87B17B84A23 /* CameraView.swift */,
				4E74F2FCB4B5DCEE6566A176 /* ExposureStacker.swift */,
				6AE22B5FA5E2E91FDFD16877 /* Info.plist */,
				BF46B3F09F4771A01C7CB0DC /* ProjectStore.swift */,
				D214B617DDA753B395247142 /* ReferenceThumbnail.swift */,
				0CAAE2A0DE7F575C5A75899A /* RepeatableCameraView.swift */,
				8248A2B63F4DFBDC666D6A4F /* RepeatableProjectRuntimeView.swift */,
				2C1AFD4BF8D210E7CB0D92F4 /* ShareSheet.swift */,
				496AB01263317C5F77CB77B4 /* TimelapseSessionStore.swift */,
				5AE524F03D4A28BD7063BCF0 /* TimelapseVideoRenderer.swift */,
				F564E38FBF2358C6F5470ABD /* ZipWriter.swift */,
			);
			path = Camerae;
			sourceTree = "<group>";
		};
		B4E6D7A017CC08D604299E29 /* Config */ = {
			isa = PBXGroup;
			children = (
				104559576F829525D1158684 /* Signing.xcconfig */,
			);
			path = Config;
			sourceTree = "<group>";
		};
/* End PBXGroup section */

/* Begin PBXNativeTarget section */
		45DC7A710A742AE62BE0DF9E /* Camerae */ = {
			isa = PBXNativeTarget;
			buildConfigurationList = A2CC7B43892E4984FD0F815A /* Build configuration list for PBXNativeTarget "Camerae" */;
			buildPhases = (
				8FBDDE30C22B5875AEFBD01A /* Sources */,
				A5AF538882DFF1781B2222A8 /* Resources */,
			);
			buildRules = (
			);
			dependencies = (
			);
			name = Camerae;
			packageProductDependencies = (
			);
			productName = Camerae;
			productReference = 2B6C930CB6C492E8EA9DE762 /* Camerae.app */;
			productType = "com.apple.product-type.application";
		};
/* End PBXNativeTarget section */

/* Begin PBXProject section */
		C6175D6FEA47BF44D6EF6125 /* Project object */ = {
			isa = PBXProject;
			attributes = {
				BuildIndependentTargetsInParallel = YES;
				LastUpgradeCheck = 1430;
				TargetAttributes = {
					45DC7A710A742AE62BE0DF9E = {
						ProvisioningStyle = Automatic;
					};
				};
			};
			buildConfigurationList = 3F3648859C2A51F854DD650F /* Build configuration list for PBXProject "Camerae" */;
			developmentRegion = en;
			hasScannedForEncodings = 0;
			knownRegions = (
				Base,
				en,
			);
			mainGroup = 6C9342ED39FF2CD906C5E4EA;
			minimizedProjectReferenceProxies = 1;
			preferredProjectObjectVersion = 77;
			productRefGroup = 3A9C2547B53BABAECBAFA3F0 /* Products */;
			projectDirPath = "";
			projectRoot = "";
			targets = (
				45DC7A710A742AE62BE0DF9E /* Camerae */,
			);
		};
/* End PBXProject section */

/* Begin PBXResourcesBuildPhase section */
		A5AF538882DFF1781B2222A8 /* Resources */ = {
			isa = PBXResourcesBuildPhase;
			buildActionMask = 2147483647;
			files = (
				EE5906E211F801A567D28B88 /* Assets.xcassets in Resources */,
			);
			runOnlyForDeploymentPostprocessing = 0;
		};
/* End PBXResourcesBuildPhase section */

/* Begin PBXSourcesBuildPhase section */
		8FBDDE30C22B5875AEFBD01A /* Sources */ = {
			isa = PBXSourcesBuildPhase;
			buildActionMask = 2147483647;
			files = (
				5E0B5C6D69607FFEE8A06665 /* AppOrientationLock.swift in Sources */,
				FC593A8F2566F9BA4323557F /* AppRootView.swift in Sources */,
				1491B680CC6E3ADC7223A081 /* AstroProcessingView.swift in Sources */,
				98B55455082BEE08CA7B9434 /* CameraController.swift in Sources */,
				9924DE16E22A388ACC9F0FFB /* CameraPreview.swift in Sources */,
				02CCFB6EB6B497063C250358 /* CameraView.swift in Sources */,
				E8E0A312298F4B730C959F40 /* CameraeApp.swift in Sources */,
				A0AA3E829BA7E32C87BDA1CD /* ExposureStacker.swift in Sources */,
				59EDBEED1C7863A95CAFBFAF /* ProjectStore.swift in Sources */,
				936F6DD0207D2D60B0554C02 /* ReferenceThumbnail.swift in Sources */,
				A7156CCB78F7BE4E01AFCAE8 /* RepeatableCameraView.swift in Sources */,
				3A5AA3F289A152F054BCC2EA /* RepeatableProjectRuntimeView.swift in Sources */,
				53923D222A16C6FC9B636436 /* ShareSheet.swift in Sources */,
				F364E0A88DA8CC2C05415204 /* TimelapseSessionStore.swift in Sources */,
				07E986942B5C924645A2E21C /* TimelapseVideoRenderer.swift in Sources */,
				33F7C211FD302B6DAC0A5ABA /* ZipWriter.swift in Sources */,
			);
			runOnlyForDeploymentPostprocessing = 0;
		};
/* End PBXSourcesBuildPhase section */

/* Begin XCBuildConfiguration section */
		44064592913E7F7CA7B9ABBF /* Release */ = {
			isa = XCBuildConfiguration;
			baseConfigurationReference = 104559576F829525D1158684 /* Signing.xcconfig */;
			buildSettings = {
				ASSETCATALOG_COMPILER_APPICON_NAME = AppIcon;
				CODE_SIGN_IDENTITY = "iPhone Developer";
				INFOPLIST_FILE = Camerae/Info.plist;
				LD_RUNPATH_SEARCH_PATHS = (
					"$(inherited)",
					"@executable_path/Frameworks",
				);
				PRODUCT_BUNDLE_IDENTIFIER = com.camerae.app;
				SDKROOT = iphoneos;
				TARGETED_DEVICE_FAMILY = "1,2";
			};
			name = Release;
		};
		52B4D0B3079A34786EDAD3EA /* Release */ = {
			isa = XCBuildConfiguration;
			buildSettings = {
				ALWAYS_SEARCH_USER_PATHS = NO;
				CLANG_ANALYZER_NONNULL = YES;
				CLANG_ANALYZER_NUMBER_OBJECT_CONVERSION = YES_AGGRESSIVE;
				CLANG_CXX_LANGUAGE_STANDARD = "gnu++14";
				CLANG_CXX_LIBRARY = "libc++";
				CLANG_ENABLE_MODULES = YES;
				CLANG_ENABLE_OBJC_ARC = YES;
				CLANG_ENABLE_OBJC_WEAK = YES;
				CLANG_WARN_BLOCK_CAPTURE_AUTORELEASING = YES;
				CLANG_WARN_BOOL_CONVERSION = YES;
				CLANG_WARN_COMMA = YES;
				CLANG_WARN_CONSTANT_CONVERSION = YES;
				CLANG_WARN_DEPRECATED_OBJC_IMPLEMENTATIONS = YES;
				CLANG_WARN_DIRECT_OBJC_ISA_USAGE = YES_ERROR;
				CLANG_WARN_DOCUMENTATION_COMMENTS = YES;
				CLANG_WARN_EMPTY_BODY = YES;
				CLANG_WARN_ENUM_CONVERSION = YES;
				CLANG_WARN_INFINITE_RECURSION = YES;
				CLANG_WARN_INT_CONVERSION = YES;
				CLANG_WARN_NON_LITERAL_NULL_CONVERSION = YES;
				CLANG_WARN_OBJC_IMPLICIT_RETAIN_SELF = YES;
				CLANG_WARN_OBJC_LITERAL_CONVERSION = YES;
				CLANG_WARN_OBJC_ROOT_CLASS = YES_ERROR;
				CLANG_WARN_QUOTED_INCLUDE_IN_FRAMEWORK_HEADER = YES;
				CLANG_WARN_RANGE_LOOP_ANALYSIS = YES;
				CLANG_WARN_STRICT_PROTOTYPES = YES;
				CLANG_WARN_SUSPICIOUS_MOVE = YES;
				CLANG_WARN_UNGUARDED_AVAILABILITY = YES_AGGRESSIVE;
				CLANG_WARN_UNREACHABLE_CODE = YES;
				CLANG_WARN__DUPLICATE_METHOD_MATCH = YES;
				COPY_PHASE_STRIP = NO;
				CURRENT_PROJECT_VERSION = 1;
				DEBUG_INFORMATION_FORMAT = "dwarf-with-dsym";
				ENABLE_NS_ASSERTIONS = NO;
				ENABLE_STRICT_OBJC_MSGSEND = YES;
				GCC_C_LANGUAGE_STANDARD = gnu11;
				GCC_NO_COMMON_BLOCKS = YES;
				GCC_WARN_64_TO_32_BIT_CONVERSION = YES;
				GCC_WARN_ABOUT_RETURN_TYPE = YES_ERROR;
				GCC_WARN_UNDECLARED_SELECTOR = YES;
				GCC_WARN_UNINITIALIZED_AUTOS = YES_AGGRESSIVE;
				GCC_WARN_UNUSED_FUNCTION = YES;
				GCC_WARN_UNUSED_VARIABLE = YES;
				IPHONEOS_DEPLOYMENT_TARGET = 17.0;
				MARKETING_VERSION = 1.3.0;
				MTL_ENABLE_DEBUG_INFO = NO;
				MTL_FAST_MATH = YES;
				PRODUCT_NAME = "$(TARGET_NAME)";
				SDKROOT = iphoneos;
				SWIFT_COMPILATION_MODE = wholemodule;
				SWIFT_OPTIMIZATION_LEVEL = "-O";
				SWIFT_VERSION = 5.0;
			};
			name = Release;
		};
		5B58EC4082A2A25E055BC550 /* Debug */ = {
			isa = XCBuildConfiguration;
			baseConfigurationReference = 104559576F829525D1158684 /* Signing.xcconfig */;
			buildSettings = {
				ASSETCATALOG_COMPILER_APPICON_NAME = AppIcon;
				CODE_SIGN_IDENTITY = "iPhone Developer";
				INFOPLIST_FILE = Camerae/Info.plist;
				LD_RUNPATH_SEARCH_PATHS = (
					"$(inherited)",
					"@executable_path/Frameworks",
				);
				PRODUCT_BUNDLE_IDENTIFIER = com.camerae.app;
				SDKROOT = iphoneos;
				TARGETED_DEVICE_FAMILY = "1,2";
			};
			name = Debug;
		};
		F2B60FA09968DE9A66D2F67B /* Debug */ = {
			isa = XCBuildConfiguration;
			buildSettings = {
				ALWAYS_SEARCH_USER_PATHS = NO;
				CLANG_ANALYZER_NONNULL = YES;
				CLANG_ANALYZER_NUMBER_OBJECT_CONVERSION = YES_AGGRESSIVE;
				CLANG_CXX_LANGUAGE_STANDARD = "gnu++14";
				CLANG_CXX_LIBRARY = "libc++";
				CLANG_ENABLE_MODULES = YES;
				CLANG_ENABLE_OBJC_ARC = YES;
				CLANG_ENABLE_OBJC_WEAK = YES;
				CLANG_WARN_BLOCK_CAPTURE_AUTORELEASING = YES;
				CLANG_WARN_BOOL_CONVERSION = YES;
				CLANG_WARN_COMMA = YES;
				CLANG_WARN_CONSTANT_CONVERSION = YES;
				CLANG_WARN_DEPRECATED_OBJC_IMPLEMENTATIONS = YES;
				CLANG_WARN_DIRECT_OBJC_ISA_USAGE = YES_ERROR;
				CLANG_WARN_DOCUMENTATION_COMMENTS = YES;
				CLANG_WARN_EMPTY_BODY = YES;
				CLANG_WARN_ENUM_CONVERSION = YES;
				CLANG_WARN_INFINITE_RECURSION = YES;
				CLANG_WARN_INT_CONVERSION = YES;
				CLANG_WARN_NON_LITERAL_NULL_CONVERSION = YES;
				CLANG_WARN_OBJC_IMPLICIT_RETAIN_SELF = YES;
				CLANG_WARN_OBJC_LITERAL_CONVERSION = YES;
				CLANG_WARN_OBJC_ROOT_CLASS = YES_ERROR;
				CLANG_WARN_QUOTED_INCLUDE_IN_FRAMEWORK_HEADER = YES;
				CLANG_WARN_RANGE_LOOP_ANALYSIS = YES;
				CLANG_WARN_STRICT_PROTOTYPES = YES;
				CLANG_WARN_SUSPICIOUS_MOVE = YES;
				CLANG_WARN_UNGUARDED_AVAILABILITY = YES_AGGRESSIVE;
				CLANG_WARN_UNREACHABLE_CODE = YES;
				CLANG_WARN__DUPLICATE_METHOD_MATCH = YES;
				COPY_PHASE_STRIP = NO;
				CURRENT_PROJECT_VERSION = 1;
				DEBUG_INFORMATION_FORMAT = dwarf;
				ENABLE_STRICT_OBJC_MSGSEND = YES;
				ENABLE_TESTABILITY = YES;
				GCC_C_LANGUAGE_STANDARD = gnu11;
				GCC_DYNAMIC_NO_PIC = NO;
				GCC_NO_COMMON_BLOCKS = YES;
				GCC_OPTIMIZATION_LEVEL = 0;
				GCC_PREPROCESSOR_DEFINITIONS = (
					"$(inherited)",
					"DEBUG=1",
				);
				GCC_WARN_64_TO_32_BIT_CONVERSION = YES;
				GCC_WARN_ABOUT_RETURN_TYPE = YES_ERROR;
				GCC_WARN_UNDECLARED_SELECTOR = YES;
				GCC_WARN_UNINITIALIZED_AUTOS = YES_AGGRESSIVE;
				GCC_WARN_UNUSED_FUNCTION = YES;
				GCC_WARN_UNUSED_VARIABLE = YES;
				IPHONEOS_DEPLOYMENT_TARGET = 17.0;
				MARKETING_VERSION = 1.3.0;
				MTL_ENABLE_DEBUG_INFO = INCLUDE_SOURCE;
				MTL_FAST_MATH = YES;
				ONLY_ACTIVE_ARCH = YES;
				PRODUCT_NAME = "$(TARGET_NAME)";
				SDKROOT = iphoneos;
				SWIFT_ACTIVE_COMPILATION_CONDITIONS = DEBUG;
				SWIFT_OPTIMIZATION_LEVEL = "-Onone";
				SWIFT_VERSION = 5.0;
			};
			name = Debug;
		};
/* End XCBuildConfiguration section */

/* Begin XCConfigurationList section */
		3F3648859C2A51F854DD650F /* Build configuration list for PBXProject "Camerae" */ = {
			isa = XCConfigurationList;
			buildConfigurations = (
				F2B60FA09968DE9A66D2F67B /* Debug */,
				52B4D0B3079A34786EDAD3EA /* Release */,
			);
			defaultConfigurationIsVisible = 0;
			defaultConfigurationName = Debug;
		};
		A2CC7B43892E4984FD0F815A /* Build configuration list for PBXNativeTarget "Camerae" */ = {
			isa = XCConfigurationList;
			buildConfigurations = (
				5B58EC4082A2A25E055BC550 /* Debug */,
				44064592913E7F7CA7B9ABBF /* Release */,
			);
			defaultConfigurationIsVisible = 0;
			defaultConfigurationName = Debug;
		};
/* End XCConfigurationList section */
	};
	rootObject = C6175D6FEA47BF44D6EF6125 /* Project object */;
}
